
Microsoft Visual Studio Solution File, Format Version 12.00
# Visual Studio Version 17
VisualStudioVersion = 17.5.002.0
MinimumVisualStudioVersion = 10.0.40219.1
Project("{2150E333-8FDC-42A3-9474-1A3956D46DE8}") = "src", "src", "{28264669-6AA1-462B-B893-F46B0B6BF0FD}"
EndProject
Project("{9A19103F-16F7-4668-BE54-9A1E7A4F7556}") = "Library", "src\Library\Library.csproj", "{5A3F41F0-0BA5-465D-97A1-174CCEF46290}"
EndProject
Project("{9A19103F-16F7-4668-BE54-9A1E7A4F7556}") = "Program", "src\Program\Program.csproj", "{30FEA12C-E2B4-44DE-B566-BA953A2B712C}"
EndProject
Global
	GlobalSection(SolutionConfigurationPlatforms) = preSolution
		Debug|Any CPU = Debug|Any CPU
		Release|Any CPU = Release|Any CPU
	EndGlobalSection
	GlobalSection(ProjectConfigurationPlatforms) = postSolution
		{5A3F41F0-0BA5-465D-97A1-174CCEF46290}.Debug|Any CPU.ActiveCfg = Debug|Any CPU
		{5A3F41F0-0BA5-465D-97A1-174CCEF46290}.Debug|Any CPU.Build.0 = Debug|Any CPU
		{5A3F41F0-0BA5-465D-97A1-174CCEF46290}.Release|Any CPU.ActiveCfg = Release|Any CPU
		{5A3F41F0-0BA5-465D-97A1-174CCEF46290}.Release|Any CPU.Build.0 = Release|Any CPU
		{30FEA12C-E2B4-44DE-B566-BA953A2B712C}.Debug|Any CPU.ActiveCfg = Debug|Any CPU
		{30FEA12C-E2B4-44DE-B566-BA953A2B712C}.Debug|Any CPU.Build.0 = Debug|Any CPU
		{30FEA12C-E2B4-44DE-B566-BA953A2B712C}.Release|Any CPU.ActiveCfg = Release|Any CPU
		{30FEA12C-E2B4-44DE-B566-BA953A2B712C}.Release|Any CPU.Build.0 = Release|Any CPU
	EndGlobalSection
	GlobalSection(SolutionProperties) = preSolution
		HideSolutionNode = FALSE
	EndGlobalSection
	GlobalSection(NestedProjects) = preSolution
		{5A3F41F0-0BA5-465D-97A1-174CCEF46290} = {28264669-6AA1-462B-B893-F46B0B6BF0FD}
		{30FEA12C-E2B4-44DE-B566-BA953A2B712C} = {28264669-6AA1-462B-B893-F46B0B6BF0FD}
	EndGlobalSection
	GlobalSection(ExtensibilityGlobals) = postSolution
		SolutionGuid = {88E2D082-FFAB-4CF9-A4AD-81DA2CB6735F}
	EndGlobalSection
EndGlobal
